
Microsoft Visual Studio Solution File, Format Version 12.00
# Visual Studio Version 16
VisualStudioVersion = 16.0.29609.76
MinimumVisualStudioVersion = 10.0.40219.1
Project("{FAE04EC0-301F-11D3-BF4B-00C04F79EFBC}") = "NetLibraryCom", "NetLibrary\NetLibraryCom.csproj", "{646FFDBB-A9DC-46A8-BC6E-1CE409268526}"
EndProject
Project("{8BC9CEB8-8B4A-11D0-8D11-00A0C91BC942}") = "CplusController", "CplusController\CplusController.vcxproj", "{B060A60D-B4CE-43B4-9291-05317BC28B61}"
EndProject
Global
	GlobalSection(SolutionConfigurationPlatforms) = preSolution
		Debug|Any CPU = Debug|Any CPU
		Debug|x64 = Debug|x64
		Debug|x86 = Debug|x86
		Release|Any CPU = Release|Any CPU
		Release|x64 = Release|x64
		Release|x86 = Release|x86
	EndGlobalSection
	GlobalSection(ProjectConfigurationPlatforms) = postSolution
		{646FFDBB-A9DC-46A8-BC6E-1CE409268526}.Debug|Any CPU.ActiveCfg = Debug|Any CPU
		{646FFDBB-A9DC-46A8-BC6E-1CE409268526}.Debug|Any CPU.Build.0 = Debug|Any CPU
		{646FFDBB-A9DC-46A8-BC6E-1CE409268526}.Debug|x64.ActiveCfg = Debug|Any CPU
		{646FFDBB-A9DC-46A8-BC6E-1CE409268526}.Debug|x64.Build.0 = Debug|Any CPU
		{646FFDBB-A9DC-46A8-BC6E-1CE409268526}.Debug|x86.ActiveCfg = Debug|Any CPU
		{646FFDBB-A9DC-46A8-BC6E-1CE409268526}.Debug|x86.Build.0 = Debug|Any CPU
		{646FFDBB-A9DC-46A8-BC6E-1CE409268526}.Release|Any CPU.ActiveCfg = Release|Any CPU
		{646FFDBB-A9DC-46A8-BC6E-1CE409268526}.Release|Any CPU.Build.0 = Release|Any CPU
		{646FFDBB-A9DC-46A8-BC6E-1CE409268526}.Release|x64.ActiveCfg = Release|Any CPU
		{646FFDBB-A9DC-46A8-BC6E-1CE409268526}.Release|x64.Build.0 = Release|Any CPU
		{646FFDBB-A9DC-46A8-BC6E-1CE409268526}.Release|x86.ActiveCfg = Release|Any CPU
		{646FFDBB-A9DC-46A8-BC6E-1CE409268526}.Release|x86.Build.0 = Release|Any CPU
		{B060A60D-B4CE-43B4-9291-05317BC28B61}.Debug|Any CPU.ActiveCfg = Debug|Win32
		{B060A60D-B4CE-43B4-9291-05317BC28B61}.Debug|x64.ActiveCfg = Debug|x64
		{B060A60D-B4CE-43B4-9291-05317BC28B61}.Debug|x64.Build.0 = Debug|x64
		{B060A60D-B4CE-43B4-9291-05317BC28B61}.Debug|x86.ActiveCfg = Debug|Win32
		{B060A60D-B4CE-43B4-9291-05317BC28B61}.Debug|x86.Build.0 = Debug|Win32
		{B060A60D-B4CE-43B4-9291-05317BC28B61}.Release|Any CPU.ActiveCfg = Release|Win32
		{B060A60D-B4CE-43B4-9291-05317BC28B61}.Release|x64.ActiveCfg = Release|x64
		{B060A60D-B4CE-43B4-9291-05317BC28B61}.Release|x64.Build.0 = Release|x64
		{B060A60D-B4CE-43B4-9291-05317BC28B61}.Release|x86.ActiveCfg = Release|Win32
		{B060A60D-B4CE-43B4-9291-05317BC28B61}.Release|x86.Build.0 = Release|Win32
	EndGlobalSection
	GlobalSection(SolutionProperties) = preSolution
		HideSolutionNode = FALSE
	EndGlobalSection
	GlobalSection(ExtensibilityGlobals) = postSolution
		SolutionGuid = {D0A972A0-2F84-4410-88E6-F427F5981338}
	EndGlobalSection
EndGlobal
